// !$*UTF8*$!
{
	archiveVersion = 1;
	classes = {
	};
	objectVersion = 56;
	objects = {

/* Begin PBXBuildFile section */
		85012566295B454F003FF64E /* AppDelegate.swift in Sources */ = {isa = PBXBuildFile; fileRef = 85012565295B454F003FF64E /* AppDelegate.swift */; };
		85012568295B454F003FF64E /* SceneDelegate.swift in Sources */ = {isa = PBXBuildFile; fileRef = 85012567295B454F003FF64E /* SceneDelegate.swift */; };
		8501256A295B454F003FF64E /* ViewController.swift in Sources */ = {isa = PBXBuildFile; fileRef = 85012569295B454F003FF64E /* ViewController.swift */; };
		8501256D295B454F003FF64E /* Main.storyboard in Resources */ = {isa = PBXBuildFile; fileRef = 8501256B295B454F003FF64E /* Main.storyboard */; };
		8501256F295B4550003FF64E /* Assets.xcassets in Resources */ = {isa = PBXBuildFile; fileRef = 8501256E295B4550003FF64E /* Assets.xcassets */; };
		85012572295B4550003FF64E /* LaunchScreen.storyboard in Resources */ = {isa = PBXBuildFile; fileRef = 85012570295B4550003FF64E /* LaunchScreen.storyboard */; };
		8501257D295B4550003FF64E /* Calculate_BMITests.swift in Sources */ = {isa = PBXBuildFile; fileRef = 8501257C295B4550003FF64E /* Calculate_BMITests.swift */; };
		85012587295B4550003FF64E /* Calculate_BMIUITests.swift in Sources */ = {isa = PBXBuildFile; fileRef = 85012586295B4550003FF64E /* Calculate_BMIUITests.swift */; };
		85012589295B4550003FF64E /* Calculate_BMIUITestsLaunchTests.swift in Sources */ = {isa = PBXBuildFile; fileRef = 85012588295B4550003FF64E /* Calculate_BMIUITestsLaunchTests.swift */; };
		85012596295B5802003FF64E /* ResultsViewController.swift in Sources */ = {isa = PBXBuildFile; fileRef = 85012595295B5802003FF64E /* ResultsViewController.swift */; };
		85012598295B5B4D003FF64E /* CalculatorBrain.swift in Sources */ = {isa = PBXBuildFile; fileRef = 85012597295B5B4D003FF64E /* CalculatorBrain.swift */; };
/* End PBXBuildFile section */

/* Begin PBXContainerItemProxy section */
		85012579295B4550003FF64E /* PBXContainerItemProxy */ = {
			isa = PBXContainerItemProxy;
			containerPortal = 8501255A295B454F003FF64E /* Project object */;
			proxyType = 1;
			remoteGlobalIDString = 85012561295B454F003FF64E;
			remoteInfo = "Calculate-BMI";
		};
		85012583295B4550003FF64E /* PBXContainerItemProxy */ = {
			isa = PBXContainerItemProxy;
			containerPortal = 8501255A295B454F003FF64E /* Project object */;
			proxyType = 1;
			remoteGlobalIDString = 85012561295B454F003FF64E;
			remoteInfo = "Calculate-BMI";
		};
/* End PBXContainerItemProxy section */

/* Begin PBXFileReference section */
		85012562295B454F003FF64E /* Calculate-BMI.app */ = {isa = PBXFileReference; explicitFileType = wrapper.application; includeInIndex = 0; path = "Calculate-BMI.app"; sourceTree = BUILT_PRODUCTS_DIR; };
		85012565295B454F003FF64E /* AppDelegate.swift */ = {isa = PBXFileReference; lastKnownFileType = sourcecode.swift; path = AppDelegate.swift; sourceTree = "<group>"; };
		85012567295B454F003FF64E /* SceneDelegate.swift */ = {isa = PBXFileReference; lastKnownFileType = sourcecode.swift; path = SceneDelegate.swift; sourceTree = "<group>"; };
		85012569295B454F003FF64E /* ViewController.swift */ = {isa = PBXFileReference; lastKnownFileType = sourcecode.swift; path = ViewController.swift; sourceTree = "<group>"; };
		8501256C295B454F003FF64E /* Base */ = {isa = PBXFileReference; lastKnownFileType = file.storyboard; name = Base; path = Base.lproj/Main.storyboard; sourceTree = "<group>"; };
		8501256E295B4550003FF64E /* Assets.xcassets */ = {isa = PBXFileReference; lastKnownFileType = folder.assetcatalog; path = Assets.xcassets; sourceTree = "<group>"; };
		85012571295B4550003FF64E /* Base */ = {isa = PBXFileReference; lastKnownFileType = file.storyboard; name = Base; path = Base.lproj/LaunchScreen.storyboard; sourceTree = "<group>"; };
		85012573295B4550003FF64E /* Info.plist */ = {isa = PBXFileReference; lastKnownFileType = text.plist.xml; path = Info.plist; sourceTree = "<group>"; };
		85012578295B4550003FF64E /* Calculate-BMITests.xctest */ = {isa = PBXFileReference; explicitFileType = wrapper.cfbundle; includeInIndex = 0; path = "Calculate-BMITests.xctest"; sourceTree = BUILT_PRODUCTS_DIR; };
		8501257C295B4550003FF64E /* Calculate_BMITests.swift */ = {isa = PBXFileReference; lastKnownFileType = sourcecode.swift; path = Calculate_BMITests.swift; sourceTree = "<group>"; };
		85012582295B4550003FF64E /* Calculate-BMIUITests.xctest */ = {isa = PBXFileReference; explicitFileType = wrapper.cfbundle; includeInIndex = 0; path = "Calculate-BMIUITests.xctest"; sourceTree = BUILT_PRODUCTS_DIR; };
		85012586295B4550003FF64E /* Calculate_BMIUITests.swift */ = {isa = PBXFileReference; lastKnownFileType = sourcecode.swift; path = Calculate_BMIUITests.swift; sourceTree = "<group>"; };
		85012588295B4550003FF64E /* Calculate_BMIUITestsLaunchTests.swift */ = {isa = PBXFileReference; lastKnownFileType = sourcecode.swift; path = Calculate_BMIUITestsLaunchTests.swift; sourceTree = "<group>"; };
		85012595295B5802003FF64E /* ResultsViewController.swift */ = {isa = PBXFileReference; lastKnownFileType = sourcecode.swift; path = ResultsViewController.swift; sourceTree = "<group>"; };
		85012597295B5B4D003FF64E /* CalculatorBrain.swift */ = {isa = PBXFileReference; lastKnownFileType = sourcecode.swift; path = CalculatorBrain.swift; sourceTree = "<group>"; };
/* End PBXFileReference section */

/* Begin PBXFrameworksBuildPhase section */
		8501255F295B454F003FF64E /* Frameworks */ = {
			isa = PBXFrameworksBuildPhase;
			buildActionMask = 2147483647;
			files = (
			);
			runOnlyForDeploymentPostprocessing = 0;
		};
		85012575295B4550003FF64E /* Frameworks */ = {
			isa = PBXFrameworksBuildPhase;
			buildActionMask = 2147483647;
			files = (
			);
			runOnlyForDeploymentPostprocessing = 0;
		};
		8501257F295B4550003FF64E /* Frameworks */ = {
			isa = PBXFrameworksBuildPhase;
			buildActionMask = 2147483647;
			files = (
			);
			runOnlyForDeploymentPostprocessing = 0;
		};
/* End PBXFrameworksBuildPhase section */

/* Begin PBXGroup section */
		85012559295B454F003FF64E = {
			isa = PBXGroup;
			children = (
				85012564295B454F003FF64E /* Calculate-BMI */,
				8501257B295B4550003FF64E /* Calculate-BMITests */,
				85012585295B4550003FF64E /* Calculate-BMIUITests */,
				85012563295B454F003FF64E /* Products */,
			);
			sourceTree = "<group>";
		};
		85012563295B454F003FF64E /* Products */ = {
			isa = PBXGroup;
			children = (
				85012562295B454F003FF64E /* Calculate-BMI.app */,
				85012578295B4550003FF64E /* Calculate-BMITests.xctest */,
				85012582295B4550003FF64E /* Calculate-BMIUITests.xctest */,
			);
			name = Products;
			sourceTree = "<group>";
		};
		85012564295B454F003FF64E /* Calculate-BMI */ = {
			isa = PBXGroup;
			children = (
				85012565295B454F003FF64E /* AppDelegate.swift */,
				85012567295B454F003FF64E /* SceneDelegate.swift */,
				85012569295B454F003FF64E /* ViewController.swift */,
				85012597295B5B4D003FF64E /* CalculatorBrain.swift */,
				8501256B295B454F003FF64E /* Main.storyboard */,
				85012595295B5802003FF64E /* ResultsViewController.swift */,
				8501256E295B4550003FF64E /* Assets.xcassets */,
				85012570295B4550003FF64E /* LaunchScreen.storyboard */,
				85012573295B4550003FF64E /* Info.plist */,
			);
			path = "Calculate-BMI";
			sourceTree = "<group>";
		};
		8501257B295B4550003FF64E /* Calculate-BMITests */ = {
			isa = PBXGroup;
			children = (
				8501257C295B4550003FF64E /* Calculate_BMITests.swift */,
			);
			path = "Calculate-BMITests";
			sourceTree = "<group>";
		};
		85012585295B4550003FF64E /* Calculate-BMIUITests */ = {
			isa = PBXGroup;
			children = (
				85012586295B4550003FF64E /* Calculate_BMIUITests.swift */,
				85012588295B4550003FF64E /* Calculate_BMIUITestsLaunchTests.swift */,
			);
			path = "Calculate-BMIUITests";
			sourceTree = "<group>";
		};
/* End PBXGroup section */

/* Begin PBXNativeTarget section */
		85012561295B454F003FF64E /* Calculate-BMI */ = {
			isa = PBXNativeTarget;
			buildConfigurationList = 8501258C295B4550003FF64E /* Build configuration list for PBXNativeTarget "Calculate-BMI" */;
			buildPhases = (
				8501255E295B454F003FF64E /* Sources */,
				8501255F295B454F003FF64E /* Frameworks */,
				85012560295B454F003FF64E /* Resources */,
			);
			buildRules = (
			);
			dependencies = (
			);
			name = "Calculate-BMI";
			productName = "Calculate-BMI";
			productReference = 85012562295B454F003FF64E /* Calculate-BMI.app */;
			productType = "com.apple.product-type.application";
		};
		85012577295B4550003FF64E /* Calculate-BMITests */ = {
			isa = PBXNativeTarget;
			buildConfigurationList = 8501258F295B4550003FF64E /* Build configuration list for PBXNativeTarget "Calculate-BMITests" */;
			buildPhases = (
				85012574295B4550003FF64E /* Sources */,
				85012575295B4550003FF64E /* Frameworks */,
				85012576295B4550003FF64E /* Resources */,
			);
			buildRules = (
			);
			dependencies = (
				8501257A295B4550003FF64E /* PBXTargetDependency */,
			);
			name = "Calculate-BMITests";
			productName = "Calculate-BMITests";
			productReference = 85012578295B4550003FF64E /* Calculate-BMITests.xctest */;
			productType = "com.apple.product-type.bundle.unit-test";
		};
		85012581295B4550003FF64E /* Calculate-BMIUITests */ = {
			isa = PBXNativeTarget;
			buildConfigurationList = 85012592295B4550003FF64E /* Build configuration list for PBXNativeTarget "Calculate-BMIUITests" */;
			buildPhases = (
				8501257E295B4550003FF64E /* Sources */,
				8501257F295B4550003FF64E /* Frameworks */,
				85012580295B4550003FF64E /* Resources */,
			);
			buildRules = (
			);
			dependencies = (
				85012584295B4550003FF64E /* PBXTargetDependency */,
			);
			name = "Calculate-BMIUITests";
			productName = "Calculate-BMIUITests";
			productReference = 85012582295B4550003FF64E /* Calculate-BMIUITests.xctest */;
			productType = "com.apple.product-type.bundle.ui-testing";
		};
/* End PBXNativeTarget section */

/* Begin PBXProject section */
		8501255A295B454F003FF64E /* Project object */ = {
			isa = PBXProject;
			attributes = {
				BuildIndependentTargetsInParallel = 1;
				LastSwiftUpdateCheck = 1410;
				LastUpgradeCheck = 1410;
				TargetAttributes = {
					85012561295B454F003FF64E = {
						CreatedOnToolsVersion = 14.1;
					};
					85012577295B4550003FF64E = {
						CreatedOnToolsVersion = 14.1;
						TestTargetID = 85012561295B454F003FF64E;
					};
					85012581295B4550003FF64E = {
						CreatedOnToolsVersion = 14.1;
						TestTargetID = 85012561295B454F003FF64E;
					};
				};
			};
			buildConfigurationList = 8501255D295B454F003FF64E /* Build configuration list for PBXProject "Calculate-BMI" */;
			compatibilityVersion = "Xcode 14.0";
			developmentRegion = en;
			hasScannedForEncodings = 0;
			knownRegions = (
				en,
				Base,
			);
			mainGroup = 85012559295B454F003FF64E;
			productRefGroup = 85012563295B454F003FF64E /* Products */;
			projectDirPath = "";
			projectRoot = "";
			targets = (
				85012561295B454F003FF64E /* Calculate-BMI */,
				85012577295B4550003FF64E /* Calculate-BMITests */,
				85012581295B4550003FF64E /* Calculate-BMIUITests */,
			);
		};
/* End PBXProject section */

/* Begin PBXResourcesBuildPhase section */
		85012560295B454F003FF64E /* Resources */ = {
			isa = PBXResourcesBuildPhase;
			buildActionMask = 2147483647;
			files = (
				85012572295B4550003FF64E /* LaunchScreen.storyboard in Resources */,
				8501256F295B4550003FF64E /* Assets.xcassets in Resources */,
				8501256D295B454F003FF64E /* Main.storyboard in Resources */,
			);
			runOnlyForDeploymentPostprocessing = 0;
		};
		85012576295B4550003FF64E /* Resources */ = {
			isa = PBXResourcesBuildPhase;
			buildActionMask = 2147483647;
			files = (
			);
			runOnlyForDeploymentPostprocessing = 0;
		};
		85012580295B4550003FF64E /* Resources */ = {
			isa = PBXResourcesBuildPhase;
			buildActionMask = 2147483647;
			files = (
			);
			runOnlyForDeploymentPostprocessing = 0;
		};
/* End PBXResourcesBuildPhase section */

/* Begin PBXSourcesBuildPhase section */
		8501255E295B454F003FF64E /* Sources */ = {
			isa = PBXSourcesBuildPhase;
			buildActionMask = 2147483647;
			files = (
				8501256A295B454F003FF64E /* ViewController.swift in Sources */,
				85012566295B454F003FF64E /* AppDelegate.swift in Sources */,
				85012568295B454F003FF64E /* SceneDelegate.swift in Sources */,
				85012598295B5B4D003FF64E /* CalculatorBrain.swift in Sources */,
				85012596295B5802003FF64E /* ResultsViewController.swift in Sources */,
			);
			runOnlyForDeploymentPostprocessing = 0;
		};
		85012574295B4550003FF64E /* Sources */ = {
			isa = PBXSourcesBuildPhase;
			buildActionMask = 2147483647;
			files = (
				8501257D295B4550003FF64E /* Calculate_BMITests.swift in Sources */,
			);
			runOnlyForDeploymentPostprocessing = 0;
		};
		8501257E295B4550003FF64E /* Sources */ = {
			isa = PBXSourcesBuildPhase;
			buildActionMask = 2147483647;
			files = (
				85012589295B4550003FF64E /* Calculate_BMIUITestsLaunchTests.swift in Sources */,
				85012587295B4550003FF64E /* Calculate_BMIUITests.swift in Sources */,
			);
			runOnlyForDeploymentPostprocessing = 0;
		};
/* End PBXSourcesBuildPhase section */

/* Begin PBXTargetDependency section */
		8501257A295B4550003FF64E /* PBXTargetDependency */ = {
			isa = PBXTargetDependency;
			target = 85012561295B454F003FF64E /* Calculate-BMI */;
			targetProxy = 85012579295B4550003FF64E /* PBXContainerItemProxy */;
		};
		85012584295B4550003FF64E /* PBXTargetDependency */ = {
			isa = PBXTargetDependency;
			target = 85012561295B454F003FF64E /* Calculate-BMI */;
			targetProxy = 85012583295B4550003FF64E /* PBXContainerItemProxy */;
		};
/* End PBXTargetDependency section */

/* Begin PBXVariantGroup section */
		8501256B295B454F003FF64E /* Main.storyboard */ = {
			isa = PBXVariantGroup;
			children = (
				8501256C295B454F003FF64E /* Base */,
			);
			name = Main.storyboard;
			sourceTree = "<group>";
		};
		85012570295B4550003FF64E /* LaunchScreen.storyboard */ = {
			isa = PBXVariantGroup;
			children = (
				85012571295B4550003FF64E /* Base */,
			);
			name = LaunchScreen.storyboard;
			sourceTree = "<group>";
		};
/* End PBXVariantGroup section */

/* Begin XCBuildConfiguration section */
		8501258A295B4550003FF64E /* Debug */ = {
			isa = XCBuildConfiguration;
			buildSettings = {
				ALWAYS_SEARCH_USER_PATHS = NO;
				CLANG_ANALYZER_NONNULL = YES;
				CLANG_ANALYZER_NUMBER_OBJECT_CONVERSION = YES_AGGRESSIVE;
				CLANG_CXX_LANGUAGE_STANDARD = "gnu++20";
				CLANG_ENABLE_MODULES = YES;
				CLANG_ENABLE_OBJC_ARC = YES;
				CLANG_ENABLE_OBJC_WEAK = YES;
				CLANG_WARN_BLOCK_CAPTURE_AUTORELEASING = YES;
				CLANG_WARN_BOOL_CONVERSION = YES;
				CLANG_WARN_COMMA = YES;
				CLANG_WARN_CONSTANT_CONVERSION = YES;
				CLANG_WARN_DEPRECATED_OBJC_IMPLEMENTATIONS = YES;
				CLANG_WARN_DIRECT_OBJC_ISA_USAGE = YES_ERROR;
				CLANG_WARN_DOCUMENTATION_COMMENTS = YES;
				CLANG_WARN_EMPTY_BODY = YES;
				CLANG_WARN_ENUM_CONVERSION = YES;
				CLANG_WARN_INFINITE_RECURSION = YES;
				CLANG_WARN_INT_CONVERSION = YES;
				CLANG_WARN_NON_LITERAL_NULL_CONVERSION = YES;
				CLANG_WARN_OBJC_IMPLICIT_RETAIN_SELF = YES;
				CLANG_WARN_OBJC_LITERAL_CONVERSION = YES;
				CLANG_WARN_OBJC_ROOT_CLASS = YES_ERROR;
				CLANG_WARN_QUOTED_INCLUDE_IN_FRAMEWORK_HEADER = YES;
				CLANG_WARN_RANGE_LOOP_ANALYSIS = YES;
				CLANG_WARN_STRICT_PROTOTYPES = YES;
				CLANG_WARN_SUSPICIOUS_MOVE = YES;
				CLANG_WARN_UNGUARDED_AVAILABILITY = YES_AGGRESSIVE;
				CLANG_WARN_UNREACHABLE_CODE = YES;
				CLANG_WARN__DUPLICATE_METHOD_MATCH = YES;
				COPY_PHASE_STRIP = NO;
				DEBUG_INFORMATION_FORMAT = dwarf;
				ENABLE_STRICT_OBJC_MSGSEND = YES;
				ENABLE_TESTABILITY = YES;
				GCC_C_LANGUAGE_STANDARD = gnu11;
				GCC_DYNAMIC_NO_PIC = NO;
				GCC_NO_COMMON_BLOCKS = YES;
				GCC_OPTIMIZATION_LEVEL = 0;
				GCC_PREPROCESSOR_DEFINITIONS = (
					"DEBUG=1",
					"$(inherited)",
				);
				GCC_WARN_64_TO_32_BIT_CONVERSION = YES;
				GCC_WARN_ABOUT_RETURN_TYPE = YES_ERROR;
				GCC_WARN_UNDECLARED_SELECTOR = YES;
				GCC_WARN_UNINITIALIZED_AUTOS = YES_AGGRESSIVE;
				GCC_WARN_UNUSED_FUNCTION = YES;
				GCC_WARN_UNUSED_VARIABLE = YES;
				IPHONEOS_DEPLOYMENT_TARGET = 16.1;
				MTL_ENABLE_DEBUG_INFO = INCLUDE_SOURCE;
				MTL_FAST_MATH = YES;
				ONLY_ACTIVE_ARCH = YES;
				SDKROOT = iphoneos;
				SWIFT_ACTIVE_COMPILATION_CONDITIONS = DEBUG;
				SWIFT_OPTIMIZATION_LEVEL = "-Onone";
			};
			name = Debug;
		};
		8501258B295B4550003FF64E /* Release */ = {
			isa = XCBuildConfiguration;
			buildSettings = {
				ALWAYS_SEARCH_USER_PATHS = NO;
				CLANG_ANALYZER_NONNULL = YES;
				CLANG_ANALYZER_NUMBER_OBJECT_CONVERSION = YES_AGGRESSIVE;
				CLANG_CXX_LANGUAGE_STANDARD = "gnu++20";
				CLANG_ENABLE_MODULES = YES;
				CLANG_ENABLE_OBJC_ARC = YES;
				CLANG_ENABLE_OBJC_WEAK = YES;
				CLANG_WARN_BLOCK_CAPTURE_AUTORELEASING = YES;
				CLANG_WARN_BOOL_CONVERSION = YES;
				CLANG_WARN_COMMA = YES;
				CLANG_WARN_CONSTANT_CONVERSION = YES;
				CLANG_WARN_DEPRECATED_OBJC_IMPLEMENTATIONS = YES;
				CLANG_WARN_DIRECT_OBJC_ISA_USAGE = YES_ERROR;
				CLANG_WARN_DOCUMENTATION_COMMENTS = YES;
				CLANG_WARN_EMPTY_BODY = YES;
				CLANG_WARN_ENUM_CONVERSION = YES;
				CLANG_WARN_INFINITE_RECURSION = YES;
				CLANG_WARN_INT_CONVERSION = YES;
				CLANG_WARN_NON_LITERAL_NULL_CONVERSION = YES;
				CLANG_WARN_OBJC_IMPLICIT_RETAIN_SELF = YES;
				CLANG_WARN_OBJC_LITERAL_CONVERSION = YES;
				CLANG_WARN_OBJC_ROOT_CLASS = YES_ERROR;
				CLANG_WARN_QUOTED_INCLUDE_IN_FRAMEWORK_HEADER = YES;
				CLANG_WARN_RANGE_LOOP_ANALYSIS = YES;
				CLANG_WARN_STRICT_PROTOTYPES = YES;
				CLANG_WARN_SUSPICIOUS_MOVE = YES;
				CLANG_WARN_UNGUARDED_AVAILABILITY = YES_AGGRESSIVE;
				CLANG_WARN_UNREACHABLE_CODE = YES;
				CLANG_WARN__DUPLICATE_METHOD_MATCH = YES;
				COPY_PHASE_STRIP = NO;
				DEBUG_INFORMATION_FORMAT = "dwarf-with-dsym";
				ENABLE_NS_ASSERTIONS = NO;
				ENABLE_STRICT_OBJC_MSGSEND = YES;
				GCC_C_LANGUAGE_STANDARD = gnu11;
				GCC_NO_COMMON_BLOCKS = YES;
				GCC_WARN_64_TO_32_BIT_CONVERSION = YES;
				GCC_WARN_ABOUT_RETURN_TYPE = YES_ERROR;
				GCC_WARN_UNDECLARED_SELECTOR = YES;
				GCC_WARN_UNINITIALIZED_AUTOS = YES_AGGRESSIVE;
				GCC_WARN_UNUSED_FUNCTION = YES;
				GCC_WARN_UNUSED_VARIABLE = YES;
				IPHONEOS_DEPLOYMENT_TARGET = 16.1;
				MTL_ENABLE_DEBUG_INFO = NO;
				MTL_FAST_MATH = YES;
				SDKROOT = iphoneos;
				SWIFT_COMPILATION_MODE = wholemodule;
				SWIFT_OPTIMIZATION_LEVEL = "-O";
				VALIDATE_PRODUCT = YES;
			};
			name = Release;
		};
		8501258D295B4550003FF64E /* Debug */ = {
			isa = XCBuildConfiguration;
			buildSettings = {
				ASSETCATALOG_COMPILER_APPICON_NAME = AppIcon;
				ASSETCATALOG_COMPILER_GLOBAL_ACCENT_COLOR_NAME = AccentColor;
				CODE_SIGN_STYLE = Automatic;
				CURRENT_PROJECT_VERSION = 1;
				DEVELOPMENT_TEAM = GRY5Q2TLMN;
				GENERATE_INFOPLIST_FILE = YES;
				INFOPLIST_FILE = "Calculate-BMI/Info.plist";
				INFOPLIST_KEY_UIApplicationSupportsIndirectInputEvents = YES;
				INFOPLIST_KEY_UILaunchStoryboardName = LaunchScreen;
				INFOPLIST_KEY_UIMainStoryboardFile = Main;
				INFOPLIST_KEY_UISupportedInterfaceOrientations = UIInterfaceOrientationPortrait;
				IPHONEOS_DEPLOYMENT_TARGET = 15.0;
				LD_RUNPATH_SEARCH_PATHS = (
					"$(inherited)",
					"@executable_path/Frameworks",
				);
				MARKETING_VERSION = 1.0;
				PRODUCT_BUNDLE_IDENTIFIER = "com.ShashwatPanda.Calculate-BMI";
				PRODUCT_NAME = "$(TARGET_NAME)";
				SWIFT_EMIT_LOC_STRINGS = YES;
				SWIFT_VERSION = 5.0;
				TARGETED_DEVICE_FAMILY = "1,2";
			};
			name = Debug;
		};
		8501258E295B4550003FF64E /* Release */ = {
			isa = XCBuildConfiguration;
			buildSettings = {
				ASSETCATALOG_COMPILER_APPICON_NAME = AppIcon;
				ASSETCATALOG_COMPILER_GLOBAL_ACCENT_COLOR_NAME = AccentColor;
				CODE_SIGN_STYLE = Automatic;
				CURRENT_PROJECT_VERSION = 1;
				DEVELOPMENT_TEAM = GRY5Q2TLMN;
				GENERATE_INFOPLIST_FILE = YES;
				INFOPLIST_FILE = "Calculate-BMI/Info.plist";
				INFOPLIST_KEY_UIApplicationSupportsIndirectInputEvents = YES;
				INFOPLIST_KEY_UILaunchStoryboardName = LaunchScreen;
				INFOPLIST_KEY_UIMainStoryboardFile = Main;
				INFOPLIST_KEY_UISupportedInterfaceOrientations = UIInterfaceOrientationPortrait;
				IPHONEOS_DEPLOYMENT_TARGET = 15.0;
				LD_RUNPATH_SEARCH_PATHS = (
					"$(inherited)",
					"@executable_path/Frameworks",
				);
				MARKETING_VERSION = 1.0;
				PRODUCT_BUNDLE_IDENTIFIER = "com.ShashwatPanda.Calculate-BMI";
				PRODUCT_NAME = "$(TARGET_NAME)";
				SWIFT_EMIT_LOC_STRINGS = YES;
				SWIFT_VERSION = 5.0;
				TARGETED_DEVICE_FAMILY = "1,2";
			};
			name = Release;
		};
		85012590295B4550003FF64E /* Debug */ = {
			isa = XCBuildConfiguration;
			buildSettings = {
				ALWAYS_EMBED_SWIFT_STANDARD_LIBRARIES = YES;
				BUNDLE_LOADER = "$(TEST_HOST)";
				CODE_SIGN_STYLE = Automatic;
				CURRENT_PROJECT_VERSION = 1;
				DEVELOPMENT_TEAM = GRY5Q2TLMN;
				GENERATE_INFOPLIST_FILE = YES;
				IPHONEOS_DEPLOYMENT_TARGET = 16.1;
				MARKETING_VERSION = 1.0;
				PRODUCT_BUNDLE_IDENTIFIER = "com.ShashwatPanda.Calculate-BMITests";
				PRODUCT_NAME = "$(TARGET_NAME)";
				SWIFT_EMIT_LOC_STRINGS = NO;
				SWIFT_VERSION = 5.0;
				TARGETED_DEVICE_FAMILY = "1,2";
				TEST_HOST = "$(BUILT_PRODUCTS_DIR)/Calculate-BMI.app/$(BUNDLE_EXECUTABLE_FOLDER_PATH)/Calculate-BMI";
			};
			name = Debug;
		};
		85012591295B4550003FF64E /* Release */ = {
			isa = XCBuildConfiguration;
			buildSettings = {
				ALWAYS_EMBED_SWIFT_STANDARD_LIBRARIES = YES;
				BUNDLE_LOADER = "$(TEST_HOST)";
				CODE_SIGN_STYLE = Automatic;
				CURRENT_PROJECT_VERSION = 1;
				DEVELOPMENT_TEAM = GRY5Q2TLMN;
				GENERATE_INFOPLIST_FILE = YES;
				IPHONEOS_DEPLOYMENT_TARGET = 16.1;
				MARKETING_VERSION = 1.0;
				PRODUCT_BUNDLE_IDENTIFIER = "com.ShashwatPanda.Calculate-BMITests";
				PRODUCT_NAME = "$(TARGET_NAME)";
				SWIFT_EMIT_LOC_STRINGS = NO;
				SWIFT_VERSION = 5.0;
				TARGETED_DEVICE_FAMILY = "1,2";
				TEST_HOST = "$(BUILT_PRODUCTS_DIR)/Calculate-BMI.app/$(BUNDLE_EXECUTABLE_FOLDER_PATH)/Calculate-BMI";
			};
			name = Release;
		};
		85012593295B4550003FF64E /* Debug */ = {
			isa = XCBuildConfiguration;
			buildSettings = {
				ALWAYS_EMBED_SWIFT_STANDARD_LIBRARIES = YES;
				CODE_SIGN_STYLE = Automatic;
				CURRENT_PROJECT_VERSION = 1;
				DEVELOPMENT_TEAM = GRY5Q2TLMN;
				GENERATE_INFOPLIST_FILE = YES;
				MARKETING_VERSION = 1.0;
				PRODUCT_BUNDLE_IDENTIFIER = "com.ShashwatPanda.Calculate-BMIUITests";
				PRODUCT_NAME = "$(TARGET_NAME)";
				SWIFT_EMIT_LOC_STRINGS = NO;
				SWIFT_VERSION = 5.0;
				TARGETED_DEVICE_FAMILY = "1,2";
				TEST_TARGET_NAME = "Calculate-BMI";
			};
			name = Debug;
		};
		85012594295B4550003FF64E /* Release */ = {
			isa = XCBuildConfiguration;
			buildSettings = {
				ALWAYS_EMBED_SWIFT_STANDARD_LIBRARIES = YES;
				CODE_SIGN_STYLE = Automatic;
				CURRENT_PROJECT_VERSION = 1;
				DEVELOPMENT_TEAM = GRY5Q2TLMN;
				GENERATE_INFOPLIST_FILE = YES;
				MARKETING_VERSION = 1.0;
				PRODUCT_BUNDLE_IDENTIFIER = "com.ShashwatPanda.Calculate-BMIUITests";
				PRODUCT_NAME = "$(TARGET_NAME)";
				SWIFT_EMIT_LOC_STRINGS = NO;
				SWIFT_VERSION = 5.0;
				TARGETED_DEVICE_FAMILY = "1,2";
				TEST_TARGET_NAME = "Calculate-BMI";
			};
			name = Release;
		};
/* End XCBuildConfiguration section */

/* Begin XCConfigurationList section */
		8501255D295B454F003FF64E /* Build configuration list for PBXProject "Calculate-BMI" */ = {
			isa = XCConfigurationList;
			buildConfigurations = (
				8501258A295B4550003FF64E /* Debug */,
				8501258B295B4550003FF64E /* Release */,
			);
			defaultConfigurationIsVisible = 0;
			defaultConfigurationName = Release;
		};
		8501258C295B4550003FF64E /* Build configuration list for PBXNativeTarget "Calculate-BMI" */ = {
			isa = XCConfigurationList;
			buildConfigurations = (
				8501258D295B4550003FF64E /* Debug */,
				8501258E295B4550003FF64E /* Release */,
			);
			defaultConfigurationIsVisible = 0;
			defaultConfigurationName = Release;
		};
		8501258F295B4550003FF64E /* Build configuration list for PBXNativeTarget "Calculate-BMITests" */ = {
			isa = XCConfigurationList;
			buildConfigurations = (
				85012590295B4550003FF64E /* Debug */,
				85012591295B4550003FF64E /* Release */,
			);
			defaultConfigurationIsVisible = 0;
			defaultConfigurationName = Release;
		};
		85012592295B4550003FF64E /* Build configuration list for PBXNativeTarget "Calculate-BMIUITests" */ = {
			isa = XCConfigurationList;
			buildConfigurations = (
				85012593295B4550003FF64E /* Debug */,
				85012594295B4550003FF64E /* Release */,
			);
			defaultConfigurationIsVisible = 0;
			defaultConfigurationName = Release;
		};
/* End XCConfigurationList section */
	};
	rootObject = 8501255A295B454F003FF64E /* Project object */;
}
